lockfileVersion: '9.0'

settings:
  autoInstallPeers: true
  excludeLinksFromLockfile: false

importers:

  .:
    dependencies:
      node-addon-api:
        specifier: ^8.3.0
        version: 8.3.0

packages:

  node-addon-api@8.3.0:
    resolution: {integrity: sha512-8VOpLHFrOQlAH+qA0ZzuGRlALRA6/LVh8QJldbrC4DY0hXoMP0l4Acq8TzFC018HztWiRqyCEj2aTWY2UvnJUg==}
    engines: {node: ^18 || ^20 || >= 21}

snapshots:

  node-addon-api@8.3.0: {}
